
Microsoft Visual Studio Solution File, Format Version 12.00
# Visual Studio Version 17
VisualStudioVersion = 17.6.33829.357
MinimumVisualStudioVersion = 10.0.40219.1
Project("{9A19103F-16F7-4668-BE54-9A1E7A4F7556}") = "OcelotApiGtw", "OcelotApiGtw\OcelotApiGtw.csproj", "{5AC27081-A5B6-4F49-8338-4670DF8F5656}"
EndProject
Project("{9A19103F-16F7-4668-BE54-9A1E7A4F7556}") = "OcelotApiGtw.Domain", "OcelotApiGtw.Domain\OcelotApiGtw.Domain.csproj", "{230947D5-7BBF-4EDB-ACBE-723BBB4A3E01}"
EndProject
Project("{FAE04EC0-301F-11D3-BF4B-00C04F79EFBC}") = "OcelotApiGtw.Auth", "OcelotApiGtw.Auth\OcelotApiGtw.Auth.csproj", "{7800CE0A-95A5-4C85-992B-F970E99A801F}"
EndProject
Global
	GlobalSection(SolutionConfigurationPlatforms) = preSolution
		Debug|Any CPU = Debug|Any CPU
		Release|Any CPU = Release|Any CPU
	EndGlobalSection
	GlobalSection(ProjectConfigurationPlatforms) = postSolution
		{5AC27081-A5B6-4F49-8338-4670DF8F5656}.Debug|Any CPU.ActiveCfg = Debug|Any CPU
		{5AC27081-A5B6-4F49-8338-4670DF8F5656}.Debug|Any CPU.Build.0 = Debug|Any CPU
		{5AC27081-A5B6-4F49-8338-4670DF8F5656}.Release|Any CPU.ActiveCfg = Release|Any CPU
		{5AC27081-A5B6-4F49-8338-4670DF8F5656}.Release|Any CPU.Build.0 = Release|Any CPU
		{230947D5-7BBF-4EDB-ACBE-723BBB4A3E01}.Debug|Any CPU.ActiveCfg = Debug|Any CPU
		{230947D5-7BBF-4EDB-ACBE-723BBB4A3E01}.Debug|Any CPU.Build.0 = Debug|Any CPU
		{230947D5-7BBF-4EDB-ACBE-723BBB4A3E01}.Release|Any CPU.ActiveCfg = Release|Any CPU
		{230947D5-7BBF-4EDB-ACBE-723BBB4A3E01}.Release|Any CPU.Build.0 = Release|Any CPU
		{7800CE0A-95A5-4C85-992B-F970E99A801F}.Debug|Any CPU.ActiveCfg = Debug|Any CPU
		{7800CE0A-95A5-4C85-992B-F970E99A801F}.Debug|Any CPU.Build.0 = Debug|Any CPU
		{7800CE0A-95A5-4C85-992B-F970E99A801F}.Release|Any CPU.ActiveCfg = Release|Any CPU
		{7800CE0A-95A5-4C85-992B-F970E99A801F}.Release|Any CPU.Build.0 = Release|Any CPU
	EndGlobalSection
	GlobalSection(SolutionProperties) = preSolution
		HideSolutionNode = FALSE
	EndGlobalSection
	GlobalSection(ExtensibilityGlobals) = postSolution
		SolutionGuid = {26B8A80A-A527-449E-880E-E11B4F0DD57C}
	EndGlobalSection
EndGlobal
